
Microsoft Visual Studio Solution File, Format Version 12.00
# Visual Studio Version 16
VisualStudioVersion = 16.0.29006.145
MinimumVisualStudioVersion = 10.0.40219.1
Project("{2150E333-8FDC-42A3-9474-1A3956D46DE8}") = "src", "src", "{9BB90E94-CCF2-4D88-9F09-8D4160D1734E}"
EndProject
Project("{9A19103F-16F7-4668-BE54-9A1E7A4F7556}") = "Blazor.Server.BusinessLayer", "src\Blazor.Server.BusinessLayer\Blazor.Server.BusinessLayer.csproj", "{DDE2D2BB-89A4-4271-9AC1-4EBA2B0E5E17}"
EndProject
Project("{9A19103F-16F7-4668-BE54-9A1E7A4F7556}") = "Blazor.Server.DataAccessLayer", "src\Blazor.Server.DataAccessLayer\Blazor.Server.DataAccessLayer.csproj", "{FFB2B77F-FD93-4B21-A2FA-6678172D4F2B}"
EndProject
Project("{9A19103F-16F7-4668-BE54-9A1E7A4F7556}") = "Blazor.Server.WebApi", "src\Blazor.Server.WebApi\Blazor.Server.WebApi.csproj", "{8ADB101B-5AF4-4C50-8DE5-541318882DEE}"
EndProject
Project("{9A19103F-16F7-4668-BE54-9A1E7A4F7556}") = "Blazor.Frontend.Client", "src\Blazor.Frontend.Client\Blazor.Frontend.Client.csproj", "{766E941F-CD7B-4FD9-8A8F-EEB7F3E18E00}"
EndProject
Project("{9A19103F-16F7-4668-BE54-9A1E7A4F7556}") = "Blazor.Shared.Models", "src\Blazor.Shared.Models\Blazor.Shared.Models.csproj", "{FEF9D9C8-3F2C-4BAC-B6BB-6FC761D18587}"
EndProject
Project("{2150E333-8FDC-42A3-9474-1A3956D46DE8}") = "tests", "tests", "{CDCC967A-DFCE-4F84-BCC4-2AD4CB47D27C}"
EndProject
Project("{9A19103F-16F7-4668-BE54-9A1E7A4F7556}") = "Blazor.Tests.UnitTests", "tests\Blazor.Tests.UnitTests\Blazor.Tests.UnitTests.csproj", "{0A686D0A-D2E6-417A-87C0-6ACC393D3D9A}"
EndProject
Project("{9A19103F-16F7-4668-BE54-9A1E7A4F7556}") = "Blazor.Tests.IntegrationTests", "tests\Blazor.Tests.IntegrationTests\Blazor.Tests.IntegrationTests.csproj", "{0E12F29A-A02C-40AC-8B95-1D9DAFBF92B3}"
EndProject
Project("{9A19103F-16F7-4668-BE54-9A1E7A4F7556}") = "Blazor.Tests.Helpers", "tests\Blazor.Tests.Helpers\Blazor.Tests.Helpers.csproj", "{F93F5FC3-5CD9-46BF-8874-D16EC469CE8E}"
EndProject
Project("{2150E333-8FDC-42A3-9474-1A3956D46DE8}") = "Server", "Server", "{FC71F2DA-B66D-4FC2-AD4E-E8DA80153D89}"
EndProject
Project("{2150E333-8FDC-42A3-9474-1A3956D46DE8}") = "Frontend", "Frontend", "{9657ABE2-5AAF-4CB0-8D8D-B6641176F2FD}"
EndProject
Project("{2150E333-8FDC-42A3-9474-1A3956D46DE8}") = "Shared", "Shared", "{59DFD3B0-CB06-4465-869A-92D1B9D2A52A}"
EndProject
Global
	GlobalSection(SolutionConfigurationPlatforms) = preSolution
		Debug|Any CPU = Debug|Any CPU
		Release|Any CPU = Release|Any CPU
	EndGlobalSection
	GlobalSection(ProjectConfigurationPlatforms) = postSolution
		{DDE2D2BB-89A4-4271-9AC1-4EBA2B0E5E17}.Debug|Any CPU.ActiveCfg = Debug|Any CPU
		{DDE2D2BB-89A4-4271-9AC1-4EBA2B0E5E17}.Debug|Any CPU.Build.0 = Debug|Any CPU
		{DDE2D2BB-89A4-4271-9AC1-4EBA2B0E5E17}.Release|Any CPU.ActiveCfg = Release|Any CPU
		{DDE2D2BB-89A4-4271-9AC1-4EBA2B0E5E17}.Release|Any CPU.Build.0 = Release|Any CPU
		{FFB2B77F-FD93-4B21-A2FA-6678172D4F2B}.Debug|Any CPU.ActiveCfg = Debug|Any CPU
		{FFB2B77F-FD93-4B21-A2FA-6678172D4F2B}.Debug|Any CPU.Build.0 = Debug|Any CPU
		{FFB2B77F-FD93-4B21-A2FA-6678172D4F2B}.Release|Any CPU.ActiveCfg = Release|Any CPU
		{FFB2B77F-FD93-4B21-A2FA-6678172D4F2B}.Release|Any CPU.Build.0 = Release|Any CPU
		{8ADB101B-5AF4-4C50-8DE5-541318882DEE}.Debug|Any CPU.ActiveCfg = Debug|Any CPU
		{8ADB101B-5AF4-4C50-8DE5-541318882DEE}.Debug|Any CPU.Build.0 = Debug|Any CPU
		{8ADB101B-5AF4-4C50-8DE5-541318882DEE}.Release|Any CPU.ActiveCfg = Release|Any CPU
		{8ADB101B-5AF4-4C50-8DE5-541318882DEE}.Release|Any CPU.Build.0 = Release|Any CPU
		{766E941F-CD7B-4FD9-8A8F-EEB7F3E18E00}.Debug|Any CPU.ActiveCfg = Debug|Any CPU
		{766E941F-CD7B-4FD9-8A8F-EEB7F3E18E00}.Debug|Any CPU.Build.0 = Debug|Any CPU
		{766E941F-CD7B-4FD9-8A8F-EEB7F3E18E00}.Release|Any CPU.ActiveCfg = Release|Any CPU
		{766E941F-CD7B-4FD9-8A8F-EEB7F3E18E00}.Release|Any CPU.Build.0 = Release|Any CPU
		{FEF9D9C8-3F2C-4BAC-B6BB-6FC761D18587}.Debug|Any CPU.ActiveCfg = Debug|Any CPU
		{FEF9D9C8-3F2C-4BAC-B6BB-6FC761D18587}.Debug|Any CPU.Build.0 = Debug|Any CPU
		{FEF9D9C8-3F2C-4BAC-B6BB-6FC761D18587}.Release|Any CPU.ActiveCfg = Release|Any CPU
		{FEF9D9C8-3F2C-4BAC-B6BB-6FC761D18587}.Release|Any CPU.Build.0 = Release|Any CPU
		{0A686D0A-D2E6-417A-87C0-6ACC393D3D9A}.Debug|Any CPU.ActiveCfg = Debug|Any CPU
		{0A686D0A-D2E6-417A-87C0-6ACC393D3D9A}.Debug|Any CPU.Build.0 = Debug|Any CPU
		{0A686D0A-D2E6-417A-87C0-6ACC393D3D9A}.Release|Any CPU.ActiveCfg = Release|Any CPU
		{0A686D0A-D2E6-417A-87C0-6ACC393D3D9A}.Release|Any CPU.Build.0 = Release|Any CPU
		{0E12F29A-A02C-40AC-8B95-1D9DAFBF92B3}.Debug|Any CPU.ActiveCfg = Debug|Any CPU
		{0E12F29A-A02C-40AC-8B95-1D9DAFBF92B3}.Debug|Any CPU.Build.0 = Debug|Any CPU
		{0E12F29A-A02C-40AC-8B95-1D9DAFBF92B3}.Release|Any CPU.ActiveCfg = Release|Any CPU
		{0E12F29A-A02C-40AC-8B95-1D9DAFBF92B3}.Release|Any CPU.Build.0 = Release|Any CPU
		{F93F5FC3-5CD9-46BF-8874-D16EC469CE8E}.Debug|Any CPU.ActiveCfg = Debug|Any CPU
		{F93F5FC3-5CD9-46BF-8874-D16EC469CE8E}.Debug|Any CPU.Build.0 = Debug|Any CPU
		{F93F5FC3-5CD9-46BF-8874-D16EC469CE8E}.Release|Any CPU.ActiveCfg = Release|Any CPU
		{F93F5FC3-5CD9-46BF-8874-D16EC469CE8E}.Release|Any CPU.Build.0 = Release|Any CPU
	EndGlobalSection
	GlobalSection(SolutionProperties) = preSolution
		HideSolutionNode = FALSE
	EndGlobalSection
	GlobalSection(NestedProjects) = preSolution
		{DDE2D2BB-89A4-4271-9AC1-4EBA2B0E5E17} = {FC71F2DA-B66D-4FC2-AD4E-E8DA80153D89}
		{FFB2B77F-FD93-4B21-A2FA-6678172D4F2B} = {FC71F2DA-B66D-4FC2-AD4E-E8DA80153D89}
		{8ADB101B-5AF4-4C50-8DE5-541318882DEE} = {FC71F2DA-B66D-4FC2-AD4E-E8DA80153D89}
		{766E941F-CD7B-4FD9-8A8F-EEB7F3E18E00} = {9657ABE2-5AAF-4CB0-8D8D-B6641176F2FD}
		{FEF9D9C8-3F2C-4BAC-B6BB-6FC761D18587} = {59DFD3B0-CB06-4465-869A-92D1B9D2A52A}
		{0A686D0A-D2E6-417A-87C0-6ACC393D3D9A} = {CDCC967A-DFCE-4F84-BCC4-2AD4CB47D27C}
		{0E12F29A-A02C-40AC-8B95-1D9DAFBF92B3} = {CDCC967A-DFCE-4F84-BCC4-2AD4CB47D27C}
		{F93F5FC3-5CD9-46BF-8874-D16EC469CE8E} = {CDCC967A-DFCE-4F84-BCC4-2AD4CB47D27C}
		{FC71F2DA-B66D-4FC2-AD4E-E8DA80153D89} = {9BB90E94-CCF2-4D88-9F09-8D4160D1734E}
		{9657ABE2-5AAF-4CB0-8D8D-B6641176F2FD} = {9BB90E94-CCF2-4D88-9F09-8D4160D1734E}
		{59DFD3B0-CB06-4465-869A-92D1B9D2A52A} = {9BB90E94-CCF2-4D88-9F09-8D4160D1734E}
	EndGlobalSection
	GlobalSection(ExtensibilityGlobals) = postSolution
		SolutionGuid = {103D22D5-0F3A-4170-9620-7762902986C2}
	EndGlobalSection
EndGlobal
